
Microsoft Visual Studio Solution File, Format Version 12.00
# Visual Studio Version 17
VisualStudioVersion = 17.0.31903.59
MinimumVisualStudioVersion = 10.0.40219.1
Project("{FAE04EC0-301F-11D3-BF4B-00C04F79EFBC}") = "Phone_Book_App_v2", "Phone_Book_App_v2\Phone_Book_App_v2.csproj", "{3168CFEC-83A8-4A83-96B1-AD66D90225A6}"
EndProject
Global
	GlobalSection(SolutionConfigurationPlatforms) = preSolution
		Debug|Any CPU = Debug|Any CPU
		Release|Any CPU = Release|Any CPU
	EndGlobalSection
	GlobalSection(ProjectConfigurationPlatforms) = postSolution
		{3168CFEC-83A8-4A83-96B1-AD66D90225A6}.Debug|Any CPU.ActiveCfg = Debug|Any CPU
		{3168CFEC-83A8-4A83-96B1-AD66D90225A6}.Debug|Any CPU.Build.0 = Debug|Any CPU
		{3168CFEC-83A8-4A83-96B1-AD66D90225A6}.Release|Any CPU.ActiveCfg = Release|Any CPU
		{3168CFEC-83A8-4A83-96B1-AD66D90225A6}.Release|Any CPU.Build.0 = Release|Any CPU
	EndGlobalSection
	GlobalSection(SolutionProperties) = preSolution
		HideSolutionNode = FALSE
	EndGlobalSection
	GlobalSection(ExtensibilityGlobals) = postSolution
		SolutionGuid = {E31E9704-369C-4479-92F5-898E0D7F0739}
	EndGlobalSection
EndGlobal
